<Solution>
  <Folder Name="/src/">
    <Project Path="src/LMS.API/LMS.API.csproj" />
    <Project Path="src/LMS.Application/LMS.Application.csproj" />
    <Project Path="src/LMS.Contracts/LMS.Contracts.csproj" />
    <Project Path="src/LMS.Domain/LMS.Domain.csproj" />
    <Project Path="src/LMS.Infrastructure/LMS.Infrastructure.csproj" />
  </Folder>
</Solution>
